
Microsoft Visual Studio Solution File, Format Version 12.00
# Visual Studio Version 17
VisualStudioVersion = 17.5.33530.505
MinimumVisualStudioVersion = 10.0.40219.1
Project("{FAE04EC0-301F-11D3-BF4B-00C04F79EFBC}") = "vosplzen.sem1h1", "vosplzen.sem1h1\vosplzen.sem1h1.csproj", "{CA3E986B-5194-4BC0-82E9-4031B880D3F5}"
EndProject
Global
	GlobalSection(SolutionConfigurationPlatforms) = preSolution
		Debug|Any CPU = Debug|Any CPU
		Release|Any CPU = Release|Any CPU
	EndGlobalSection
	GlobalSection(ProjectConfigurationPlatforms) = postSolution
		{CA3E986B-5194-4BC0-82E9-4031B880D3F5}.Debug|Any CPU.ActiveCfg = Debug|Any CPU
		{CA3E986B-5194-4BC0-82E9-4031B880D3F5}.Debug|Any CPU.Build.0 = Debug|Any CPU
		{CA3E986B-5194-4BC0-82E9-4031B880D3F5}.Release|Any CPU.ActiveCfg = Release|Any CPU
		{CA3E986B-5194-4BC0-82E9-4031B880D3F5}.Release|Any CPU.Build.0 = Release|Any CPU
	EndGlobalSection
	GlobalSection(SolutionProperties) = preSolution
		HideSolutionNode = FALSE
	EndGlobalSection
	GlobalSection(ExtensibilityGlobals) = postSolution
		SolutionGuid = {16276770-555E-4B37-A73E-A6B33793C9F1}
	EndGlobalSection
EndGlobal
